
Microsoft Visual Studio Solution File, Format Version 12.00
# Visual Studio Version 17
VisualStudioVersion = 17.0.32112.339
MinimumVisualStudioVersion = 10.0.40219.1
Project("{FAE04EC0-301F-11D3-BF4B-00C04F79EFBC}") = "ghinelli.johan.4h.threads", "ghinelli.johan.4h.threads\ghinelli.johan.4h.threads.csproj", "{C3B99BF7-3A4D-478A-973B-9BADE1CC87E1}"
EndProject
Global
	GlobalSection(SolutionConfigurationPlatforms) = preSolution
		Debug|Any CPU = Debug|Any CPU
		Release|Any CPU = Release|Any CPU
	EndGlobalSection
	GlobalSection(ProjectConfigurationPlatforms) = postSolution
		{C3B99BF7-3A4D-478A-973B-9BADE1CC87E1}.Debug|Any CPU.ActiveCfg = Debug|Any CPU
		{C3B99BF7-3A4D-478A-973B-9BADE1CC87E1}.Debug|Any CPU.Build.0 = Debug|Any CPU
		{C3B99BF7-3A4D-478A-973B-9BADE1CC87E1}.Release|Any CPU.ActiveCfg = Release|Any CPU
		{C3B99BF7-3A4D-478A-973B-9BADE1CC87E1}.Release|Any CPU.Build.0 = Release|Any CPU
	EndGlobalSection
	GlobalSection(SolutionProperties) = preSolution
		HideSolutionNode = FALSE
	EndGlobalSection
	GlobalSection(ExtensibilityGlobals) = postSolution
		SolutionGuid = {ACD5CAC3-0232-4EAC-A2BE-177F95B9CE84}
	EndGlobalSection
EndGlobal
